
Microsoft Visual Studio Solution File, Format Version 12.00
# Visual Studio Version 16
VisualStudioVersion = 16.0.31911.196
MinimumVisualStudioVersion = 10.0.40219.1
Project("{9A19103F-16F7-4668-BE54-9A1E7A4F7556}") = "Cursomvc", "Cursomvc\Cursomvc.csproj", "{4FAEB4BA-6102-4261-8641-01FD9D3A9672}"
EndProject
Project("{9A19103F-16F7-4668-BE54-9A1E7A4F7556}") = "CursoAPI", "CursoAPI\CursoAPI.csproj", "{20B48997-F5B5-4F16-83DE-1C459BF34288}"
EndProject
Project("{FAE04EC0-301F-11D3-BF4B-00C04F79EFBC}") = "CursoTest", "CursoTest\CursoTest.csproj", "{F9B47588-AF82-4FBB-A0B1-BC664A4947A9}"
EndProject
Global
	GlobalSection(SolutionConfigurationPlatforms) = preSolution
		Debug|Any CPU = Debug|Any CPU
		Release|Any CPU = Release|Any CPU
	EndGlobalSection
	GlobalSection(ProjectConfigurationPlatforms) = postSolution
		{4FAEB4BA-6102-4261-8641-01FD9D3A9672}.Debug|Any CPU.ActiveCfg = Debug|Any CPU
		{4FAEB4BA-6102-4261-8641-01FD9D3A9672}.Debug|Any CPU.Build.0 = Debug|Any CPU
		{4FAEB4BA-6102-4261-8641-01FD9D3A9672}.Release|Any CPU.ActiveCfg = Release|Any CPU
		{4FAEB4BA-6102-4261-8641-01FD9D3A9672}.Release|Any CPU.Build.0 = Release|Any CPU
		{20B48997-F5B5-4F16-83DE-1C459BF34288}.Debug|Any CPU.ActiveCfg = Debug|Any CPU
		{20B48997-F5B5-4F16-83DE-1C459BF34288}.Debug|Any CPU.Build.0 = Debug|Any CPU
		{20B48997-F5B5-4F16-83DE-1C459BF34288}.Release|Any CPU.ActiveCfg = Release|Any CPU
		{20B48997-F5B5-4F16-83DE-1C459BF34288}.Release|Any CPU.Build.0 = Release|Any CPU
		{F9B47588-AF82-4FBB-A0B1-BC664A4947A9}.Debug|Any CPU.ActiveCfg = Debug|Any CPU
		{F9B47588-AF82-4FBB-A0B1-BC664A4947A9}.Debug|Any CPU.Build.0 = Debug|Any CPU
		{F9B47588-AF82-4FBB-A0B1-BC664A4947A9}.Release|Any CPU.ActiveCfg = Release|Any CPU
		{F9B47588-AF82-4FBB-A0B1-BC664A4947A9}.Release|Any CPU.Build.0 = Release|Any CPU
	EndGlobalSection
	GlobalSection(SolutionProperties) = preSolution
		HideSolutionNode = FALSE
	EndGlobalSection
	GlobalSection(ExtensibilityGlobals) = postSolution
		SolutionGuid = {B5195FB9-48C6-4BB0-B345-7C6B4FBFB329}
	EndGlobalSection
EndGlobal
